github.com/google/go-cmp v0.6.0 h1:ofyhxvXcZhMsU5ulbFiLKl/XBFqE1GSq7atu8tAmTRI=
github.com/google/go-cmp v0.6.0/go.mod h1:17dUlkBOakJ0+DkrSSNjCkIjxS6bF9zb3elmeNGIjoY=
github.com/miekg/dns v1.1.68 h1:jsSRkNozw7G/mnmXULynzMNIsgY2dHC8LO6U6Ij2JEA=
github.com/miekg/dns v1.1.68/go.mod h1:fujopn7TB3Pu3JM69XaawiU0wqjpL9/8xGop5UrTPps=
github.com/starter-go/afs v0.9.9 h1:+5UhGiAvNrOltMvJm+JtkHzxxzeJlWtlOlaqeYh3ElY=
github.com/starter-go/afs v0.9.9/go.mod h1:6hM71KrBrzlYST/axyH4rdhZ9Ig5ri12e1TAsG7FYAA=
github.com/starter-go/afs v0.9.13 h1:yA6OdyM2Z300pm7hSm0UAxjNcDxyuRyOljgUYKyRsp8=
github.com/starter-go/afs v0.9.13/go.mod h1:6hM71KrBrzlYST/axyH4rdhZ9Ig5ri12e1TAsG7FYAA=
github.com/starter-go/application v0.9.26 h1:D5xowoxKjXC2vUSheqCfAeM+oda+2BDaCg22XmyJ3YQ=
github.com/starter-go/application v0.9.26/go.mod h1:N7WtRDs9tdxU0tPAXqSo0tjyGlUuaB+Bs9reinO5igw=
github.com/starter-go/application v0.9.27 h1:JXr3R9VkA2Z6ZU0wEdNGGdMkSLqzWt+jQoFiBMTTvaI=
github.com/starter-go/application v0.9.27/go.mod h1:4wPAbJiqxHCEK7haXG6k923BLmopQoCDsH7vxlKrR1M=
github.com/starter-go/base v0.9.11 h1:QG5kcShJSV9cs2KEeqZ8UN9icM/0uPZwPFrh0XUOf+Q=
github.com/starter-go/base v0.9.11/go.mod h1:MMqPMFzwPHjKyfX0cMmkpAAbeJ0tJupFbI8D+x27fJM=
github.com/starter-go/configen v0.9.5 h1:KTwueLMQA3Ba70sJddK+hOLEifOI0dTXpPkX/jiBjIo=
github.com/starter-go/configen v0.9.5/go.mod h1:n3qiv4z1nZ0h4qfcX9Ju8kUMgjuLUkv0EvL6lxQOwtQ=
github.com/starter-go/libafs v0.0.7 h1:o8UI6OFhaQp5yLxXrXb5Na7LZ/XVHHBER0f7POCcLv0=
github.com/starter-go/libafs v0.0.7/go.mod h1:IhwhU5gaIduI8/8doKyoyJ0hHZECT3neyNHYYF9ls+A=
github.com/starter-go/starter v1.0.12 h1:PfGCR7mCTK+pQqDvD+kkCcMzMvCtZVJOz/e3XjI8u5Q=
github.com/starter-go/starter v1.0.12/go.mod h1:+11cgU1Jwj24MRb8rE0xf0tfqbQIt3UkHchAtfdPFPA=
github.com/starter-go/starter v1.0.14 h1:TPVTOlKrU/9XBuSVy2hzQb13gKT1Sbup/s3vQ5GrhqM=
github.com/starter-go/starter v1.0.14/go.mod h1:6yqAF+I/kEXPbcCczo6Bg2icETyxG9AyhdjmMoUeFq8=
github.com/starter-go/stopper v0.0.4 h1:mg82TqrR99xowmPdrRqUKrbc3N6XzvGs5p9T5TJBQA0=
github.com/starter-go/stopper v0.0.4/go.mod h1:odBrgcDgyiHI8ecpBVwfE5+mlux1Tr0EKsKX6MPzYp0=
github.com/starter-go/units v0.0.6 h1:1sLqKa+9r3k+F89up7tGxqiBZ0kX/e7bbjgmw0bc1A8=
github.com/starter-go/units v0.0.6/go.mod h1:GC3pHwA0Km2CZmZkv195/P/cTfHCPw4UlCerQngbcus=
github.com/starter-go/vlog v0.9.8 h1:NmVv/lquEmvQ78nRf0C5eiJ0prNByV8o4aMmwBB3isc=
github.com/starter-go/vlog v0.9.8/go.mod h1:ywWUCfWNTqXrelvO4/3sQ04SCW4ClR3PiN3qpSlXhH0=
github.com/starter-go/vlog v0.9.9 h1:+YNqgCmdoNYijQPw3S8ocznpcm1OEGqfDjnq91BXdAc=
github.com/starter-go/vlog v0.9.9/go.mod h1:ywWUCfWNTqXrelvO4/3sQ04SCW4ClR3PiN3qpSlXhH0=
github.com/starter-go/vlog v0.9.12 h1:gaKCLPvEY6d8SoVfEemGTqyNdrFZlRqf1dVDimCqgZw=
github.com/starter-go/vlog v0.9.12/go.mod h1:ywWUCfWNTqXrelvO4/3sQ04SCW4ClR3PiN3qpSlXhH0=
golang.org/x/mod v0.24.0 h1:ZfthKaKaT4NrhGVZHO1/WDTwGES4De8KtWO0SIbNJMU=
golang.org/x/mod v0.24.0/go.mod h1:IXM97Txy2VM4PJ3gI61r1YEk/gAj6zAHN3AdZt6S9Ww=
golang.org/x/net v0.40.0 h1:79Xs7wF06Gbdcg4kdCCIQArK11Z1hr5POQ6+fIYHNuY=
golang.org/x/net v0.40.0/go.mod h1:y0hY0exeL2Pku80/zKK7tpntoX23cqL3Oa6njdgRtds=
golang.org/x/sync v0.14.0 h1:woo0S4Yywslg6hp4eUFjTVOyKt0RookbpAHG4c1HmhQ=
golang.org/x/sync v0.14.0/go.mod h1:1dzgHSNfp02xaA81J2MS99Qcpr2w7fw1gpm99rleRqA=
golang.org/x/sys v0.33.0 h1:q3i8TbbEz+JRD9ywIRlyRAQbM0qF7hu24q3teo2hbuw=
golang.org/x/sys v0.33.0/go.mod h1:BJP2sWEmIv4KK5OTEluFJCKSidICx8ciO85XgH3Ak8k=
golang.org/x/tools v0.33.0 h1:4qz2S3zmRxbGIhDIAgjxvFutSvH5EfnsYrRBj0UI0bc=
golang.org/x/tools v0.33.0/go.mod h1:CIJMaWEY88juyUfo7UbgPqbC8rU2OqfAV1h2Qp0oMYI=
